// !$*UTF8*$!
{
	archiveVersion = 1;
	classes = {
	};
	objectVersion = 56;
	objects = {

/* Begin PBXBuildFile section */
		176073602BF0766F0008629D /* AppDelegate.swift in Sources */ = {isa = PBXBuildFile; fileRef = 1760735F2BF0766F0008629D /* AppDelegate.swift */; };
		176073622BF0766F0008629D /* SceneDelegate.swift in Sources */ = {isa = PBXBuildFile; fileRef = 176073612BF0766F0008629D /* SceneDelegate.swift */; };
		176073642BF0766F0008629D /* ViewController.swift in Sources */ = {isa = PBXBuildFile; fileRef = 176073632BF0766F0008629D /* ViewController.swift */; };
		176073672BF0766F0008629D /* Main.storyboard in Resources */ = {isa = PBXBuildFile; fileRef = 176073652BF0766F0008629D /* Main.storyboard */; };
		176073692BF076740008629D /* Assets.xcassets in Resources */ = {isa = PBXBuildFile; fileRef = 176073682BF076740008629D /* Assets.xcassets */; };
		1760736C2BF076740008629D /* LaunchScreen.storyboard in Resources */ = {isa = PBXBuildFile; fileRef = 1760736A2BF076740008629D /* LaunchScreen.storyboard */; };
		176073742BF078010008629D /* PostsTableViewCell.swift in Sources */ = {isa = PBXBuildFile; fileRef = 176073732BF078010008629D /* PostsTableViewCell.swift */; };
		176073762BF07A0E0008629D /* DetailsViewController.swift in Sources */ = {isa = PBXBuildFile; fileRef = 176073752BF07A0E0008629D /* DetailsViewController.swift */; };
		176073782BF07AD20008629D /* PostViewModel.swift in Sources */ = {isa = PBXBuildFile; fileRef = 176073772BF07AD20008629D /* PostViewModel.swift */; };
		1760737A2BF07AE60008629D /* PostModel.swift in Sources */ = {isa = PBXBuildFile; fileRef = 176073792BF07AE60008629D /* PostModel.swift */; };
		1760737E2BF07EBF0008629D /* UIImage+Extension.swift in Sources */ = {isa = PBXBuildFile; fileRef = 1760737D2BF07EBF0008629D /* UIImage+Extension.swift */; };
/* End PBXBuildFile section */

/* Begin PBXFileReference section */
		1760735C2BF0766F0008629D /* GridDynamics.app */ = {isa = PBXFileReference; explicitFileType = wrapper.application; includeInIndex = 0; path = GridDynamics.app; sourceTree = BUILT_PRODUCTS_DIR; };
		1760735F2BF0766F0008629D /* AppDelegate.swift */ = {isa = PBXFileReference; lastKnownFileType = sourcecode.swift; path = AppDelegate.swift; sourceTree = "<group>"; };
		176073612BF0766F0008629D /* SceneDelegate.swift */ = {isa = PBXFileReference; lastKnownFileType = sourcecode.swift; path = SceneDelegate.swift; sourceTree = "<group>"; };
		176073632BF0766F0008629D /* ViewController.swift */ = {isa = PBXFileReference; lastKnownFileType = sourcecode.swift; path = ViewController.swift; sourceTree = "<group>"; };
		176073662BF0766F0008629D /* Base */ = {isa = PBXFileReference; lastKnownFileType = file.storyboard; name = Base; path = Base.lproj/Main.storyboard; sourceTree = "<group>"; };
		176073682BF076740008629D /* Assets.xcassets */ = {isa = PBXFileReference; lastKnownFileType = folder.assetcatalog; path = Assets.xcassets; sourceTree = "<group>"; };
		1760736B2BF076740008629D /* Base */ = {isa = PBXFileReference; lastKnownFileType = file.storyboard; name = Base; path = Base.lproj/LaunchScreen.storyboard; sourceTree = "<group>"; };
		1760736D2BF076740008629D /* Info.plist */ = {isa = PBXFileReference; lastKnownFileType = text.plist.xml; path = Info.plist; sourceTree = "<group>"; };
		176073732BF078010008629D /* PostsTableViewCell.swift */ = {isa = PBXFileReference; lastKnownFileType = sourcecode.swift; path = PostsTableViewCell.swift; sourceTree = "<group>"; };
		176073752BF07A0E0008629D /* DetailsViewController.swift */ = {isa = PBXFileReference; lastKnownFileType = sourcecode.swift; path = DetailsViewController.swift; sourceTree = "<group>"; };
		176073772BF07AD20008629D /* PostViewModel.swift */ = {isa = PBXFileReference; lastKnownFileType = sourcecode.swift; path = PostViewModel.swift; sourceTree = "<group>"; };
		176073792BF07AE60008629D /* PostModel.swift */ = {isa = PBXFileReference; lastKnownFileType = sourcecode.swift; path = PostModel.swift; sourceTree = "<group>"; };
		1760737D2BF07EBF0008629D /* UIImage+Extension.swift */ = {isa = PBXFileReference; lastKnownFileType = sourcecode.swift; path = "UIImage+Extension.swift"; sourceTree = "<group>"; };
/* End PBXFileReference section */

/* Begin PBXFrameworksBuildPhase section */
		176073592BF0766F0008629D /* Frameworks */ = {
			isa = PBXFrameworksBuildPhase;
			buildActionMask = 2147483647;
			files = (
			);
			runOnlyForDeploymentPostprocessing = 0;
		};
/* End PBXFrameworksBuildPhase section */

/* Begin PBXGroup section */
		176073532BF0766F0008629D = {
			isa = PBXGroup;
			children = (
				1760735E2BF0766F0008629D /* GridDynamics */,
				1760735D2BF0766F0008629D /* Products */,
			);
			sourceTree = "<group>";
		};
		1760735D2BF0766F0008629D /* Products */ = {
			isa = PBXGroup;
			children = (
				1760735C2BF0766F0008629D /* GridDynamics.app */,
			);
			name = Products;
			sourceTree = "<group>";
		};
		1760735E2BF0766F0008629D /* GridDynamics */ = {
			isa = PBXGroup;
			children = (
				1760735F2BF0766F0008629D /* AppDelegate.swift */,
				176073612BF0766F0008629D /* SceneDelegate.swift */,
				1760737B2BF07AF60008629D /* Post */,
				1760737C2BF07B010008629D /* PostDetails */,
				1760737D2BF07EBF0008629D /* UIImage+Extension.swift */,
				176073652BF0766F0008629D /* Main.storyboard */,
				176073682BF076740008629D /* Assets.xcassets */,
				1760736A2BF076740008629D /* LaunchScreen.storyboard */,
				1760736D2BF076740008629D /* Info.plist */,
			);
			path = GridDynamics;
			sourceTree = "<group>";
		};
		1760737B2BF07AF60008629D /* Post */ = {
			isa = PBXGroup;
			children = (
				176073632BF0766F0008629D /* ViewController.swift */,
				176073732BF078010008629D /* PostsTableViewCell.swift */,
				176073772BF07AD20008629D /* PostViewModel.swift */,
				176073792BF07AE60008629D /* PostModel.swift */,
			);
			path = Post;
			sourceTree = "<group>";
		};
		1760737C2BF07B010008629D /* PostDetails */ = {
			isa = PBXGroup;
			children = (
				176073752BF07A0E0008629D /* DetailsViewController.swift */,
			);
			path = PostDetails;
			sourceTree = "<group>";
		};
/* End PBXGroup section */

/* Begin PBXNativeTarget section */
		1760735B2BF0766F0008629D /* GridDynamics */ = {
			isa = PBXNativeTarget;
			buildConfigurationList = 176073702BF076740008629D /* Build configuration list for PBXNativeTarget "GridDynamics" */;
			buildPhases = (
				176073582BF0766F0008629D /* Sources */,
				176073592BF0766F0008629D /* Frameworks */,
				1760735A2BF0766F0008629D /* Resources */,
			);
			buildRules = (
			);
			dependencies = (
			);
			name = GridDynamics;
			productName = GridDynamics;
			productReference = 1760735C2BF0766F0008629D /* GridDynamics.app */;
			productType = "com.apple.product-type.application";
		};
/* End PBXNativeTarget section */

/* Begin PBXProject section */
		176073542BF0766F0008629D /* Project object */ = {
			isa = PBXProject;
			attributes = {
				BuildIndependentTargetsInParallel = 1;
				LastSwiftUpdateCheck = 1410;
				LastUpgradeCheck = 1410;
				TargetAttributes = {
					1760735B2BF0766F0008629D = {
						CreatedOnToolsVersion = 14.1;
					};
				};
			};
			buildConfigurationList = 176073572BF0766F0008629D /* Build configuration list for PBXProject "GridDynamics" */;
			compatibilityVersion = "Xcode 14.0";
			developmentRegion = en;
			hasScannedForEncodings = 0;
			knownRegions = (
				en,
				Base,
			);
			mainGroup = 176073532BF0766F0008629D;
			productRefGroup = 1760735D2BF0766F0008629D /* Products */;
			projectDirPath = "";
			projectRoot = "";
			targets = (
				1760735B2BF0766F0008629D /* GridDynamics */,
			);
		};
/* End PBXProject section */

/* Begin PBXResourcesBuildPhase section */
		1760735A2BF0766F0008629D /* Resources */ = {
			isa = PBXResourcesBuildPhase;
			buildActionMask = 2147483647;
			files = (
				1760736C2BF076740008629D /* LaunchScreen.storyboard in Resources */,
				176073692BF076740008629D /* Assets.xcassets in Resources */,
				176073672BF0766F0008629D /* Main.storyboard in Resources */,
			);
			runOnlyForDeploymentPostprocessing = 0;
		};
/* End PBXResourcesBuildPhase section */

/* Begin PBXSourcesBuildPhase section */
		176073582BF0766F0008629D /* Sources */ = {
			isa = PBXSourcesBuildPhase;
			buildActionMask = 2147483647;
			files = (
				176073782BF07AD20008629D /* PostViewModel.swift in Sources */,
				176073642BF0766F0008629D /* ViewController.swift in Sources */,
				176073602BF0766F0008629D /* AppDelegate.swift in Sources */,
				1760737E2BF07EBF0008629D /* UIImage+Extension.swift in Sources */,
				1760737A2BF07AE60008629D /* PostModel.swift in Sources */,
				176073622BF0766F0008629D /* SceneDelegate.swift in Sources */,
				176073742BF078010008629D /* PostsTableViewCell.swift in Sources */,
				176073762BF07A0E0008629D /* DetailsViewController.swift in Sources */,
			);
			runOnlyForDeploymentPostprocessing = 0;
		};
/* End PBXSourcesBuildPhase section */

/* Begin PBXVariantGroup section */
		176073652BF0766F0008629D /* Main.storyboard */ = {
			isa = PBXVariantGroup;
			children = (
				176073662BF0766F0008629D /* Base */,
			);
			name = Main.storyboard;
			sourceTree = "<group>";
		};
		1760736A2BF076740008629D /* LaunchScreen.storyboard */ = {
			isa = PBXVariantGroup;
			children = (
				1760736B2BF076740008629D /* Base */,
			);
			name = LaunchScreen.storyboard;
			sourceTree = "<group>";
		};
/* End PBXVariantGroup section */

/* Begin XCBuildConfiguration section */
		1760736E2BF076740008629D /* Debug */ = {
			isa = XCBuildConfiguration;
			buildSettings = {
				ALWAYS_SEARCH_USER_PATHS = NO;
				CLANG_ANALYZER_NONNULL = YES;
				CLANG_ANALYZER_NUMBER_OBJECT_CONVERSION = YES_AGGRESSIVE;
				CLANG_CXX_LANGUAGE_STANDARD = "gnu++20";
				CLANG_ENABLE_MODULES = YES;
				CLANG_ENABLE_OBJC_ARC = YES;
				CLANG_ENABLE_OBJC_WEAK = YES;
				CLANG_WARN_BLOCK_CAPTURE_AUTORELEASING = YES;
				CLANG_WARN_BOOL_CONVERSION = YES;
				CLANG_WARN_COMMA = YES;
				CLANG_WARN_CONSTANT_CONVERSION = YES;
				CLANG_WARN_DEPRECATED_OBJC_IMPLEMENTATIONS = YES;
				CLANG_WARN_DIRECT_OBJC_ISA_USAGE = YES_ERROR;
				CLANG_WARN_DOCUMENTATION_COMMENTS = YES;
				CLANG_WARN_EMPTY_BODY = YES;
				CLANG_WARN_ENUM_CONVERSION = YES;
				CLANG_WARN_INFINITE_RECURSION = YES;
				CLANG_WARN_INT_CONVERSION = YES;
				CLANG_WARN_NON_LITERAL_NULL_CONVERSION = YES;
				CLANG_WARN_OBJC_IMPLICIT_RETAIN_SELF = YES;
				CLANG_WARN_OBJC_LITERAL_CONVERSION = YES;
				CLANG_WARN_OBJC_ROOT_CLASS = YES_ERROR;
				CLANG_WARN_QUOTED_INCLUDE_IN_FRAMEWORK_HEADER = YES;
				CLANG_WARN_RANGE_LOOP_ANALYSIS = YES;
				CLANG_WARN_STRICT_PROTOTYPES = YES;
				CLANG_WARN_SUSPICIOUS_MOVE = YES;
				CLANG_WARN_UNGUARDED_AVAILABILITY = YES_AGGRESSIVE;
				CLANG_WARN_UNREACHABLE_CODE = YES;
				CLANG_WARN__DUPLICATE_METHOD_MATCH = YES;
				COPY_PHASE_STRIP = NO;
				DEBUG_INFORMATION_FORMAT = dwarf;
				ENABLE_STRICT_OBJC_MSGSEND = YES;
				ENABLE_TESTABILITY = YES;
				GCC_C_LANGUAGE_STANDARD = gnu11;
				GCC_DYNAMIC_NO_PIC = NO;
				GCC_NO_COMMON_BLOCKS = YES;
				GCC_OPTIMIZATION_LEVEL = 0;
				GCC_PREPROCESSOR_DEFINITIONS = (
					"DEBUG=1",
					"$(inherited)",
				);
				GCC_WARN_64_TO_32_BIT_CONVERSION = YES;
				GCC_WARN_ABOUT_RETURN_TYPE = YES_ERROR;
				GCC_WARN_UNDECLARED_SELECTOR = YES;
				GCC_WARN_UNINITIALIZED_AUTOS = YES_AGGRESSIVE;
				GCC_WARN_UNUSED_FUNCTION = YES;
				GCC_WARN_UNUSED_VARIABLE = YES;
				IPHONEOS_DEPLOYMENT_TARGET = 16.1;
				MTL_ENABLE_DEBUG_INFO = INCLUDE_SOURCE;
				MTL_FAST_MATH = YES;
				ONLY_ACTIVE_ARCH = YES;
				SDKROOT = iphoneos;
				SWIFT_ACTIVE_COMPILATION_CONDITIONS = DEBUG;
				SWIFT_OPTIMIZATION_LEVEL = "-Onone";
			};
			name = Debug;
		};
		1760736F2BF076740008629D /* Release */ = {
			isa = XCBuildConfiguration;
			buildSettings = {
				ALWAYS_SEARCH_USER_PATHS = NO;
				CLANG_ANALYZER_NONNULL = YES;
				CLANG_ANALYZER_NUMBER_OBJECT_CONVERSION = YES_AGGRESSIVE;
				CLANG_CXX_LANGUAGE_STANDARD = "gnu++20";
				CLANG_ENABLE_MODULES = YES;
				CLANG_ENABLE_OBJC_ARC = YES;
				CLANG_ENABLE_OBJC_WEAK = YES;
				CLANG_WARN_BLOCK_CAPTURE_AUTORELEASING = YES;
				CLANG_WARN_BOOL_CONVERSION = YES;
				CLANG_WARN_COMMA = YES;
				CLANG_WARN_CONSTANT_CONVERSION = YES;
				CLANG_WARN_DEPRECATED_OBJC_IMPLEMENTATIONS = YES;
				CLANG_WARN_DIRECT_OBJC_ISA_USAGE = YES_ERROR;
				CLANG_WARN_DOCUMENTATION_COMMENTS = YES;
				CLANG_WARN_EMPTY_BODY = YES;
				CLANG_WARN_ENUM_CONVERSION = YES;
				CLANG_WARN_INFINITE_RECURSION = YES;
				CLANG_WARN_INT_CONVERSION = YES;
				CLANG_WARN_NON_LITERAL_NULL_CONVERSION = YES;
				CLANG_WARN_OBJC_IMPLICIT_RETAIN_SELF = YES;
				CLANG_WARN_OBJC_LITERAL_CONVERSION = YES;
				CLANG_WARN_OBJC_ROOT_CLASS = YES_ERROR;
				CLANG_WARN_QUOTED_INCLUDE_IN_FRAMEWORK_HEADER = YES;
				CLANG_WARN_RANGE_LOOP_ANALYSIS = YES;
				CLANG_WARN_STRICT_PROTOTYPES = YES;
				CLANG_WARN_SUSPICIOUS_MOVE = YES;
				CLANG_WARN_UNGUARDED_AVAILABILITY = YES_AGGRESSIVE;
				CLANG_WARN_UNREACHABLE_CODE = YES;
				CLANG_WARN__DUPLICATE_METHOD_MATCH = YES;
				COPY_PHASE_STRIP = NO;
				DEBUG_INFORMATION_FORMAT = "dwarf-with-dsym";
				ENABLE_NS_ASSERTIONS = NO;
				ENABLE_STRICT_OBJC_MSGSEND = YES;
				GCC_C_LANGUAGE_STANDARD = gnu11;
				GCC_NO_COMMON_BLOCKS = YES;
				GCC_WARN_64_TO_32_BIT_CONVERSION = YES;
				GCC_WARN_ABOUT_RETURN_TYPE = YES_ERROR;
				GCC_WARN_UNDECLARED_SELECTOR = YES;
				GCC_WARN_UNINITIALIZED_AUTOS = YES_AGGRESSIVE;
				GCC_WARN_UNUSED_FUNCTION = YES;
				GCC_WARN_UNUSED_VARIABLE = YES;
				IPHONEOS_DEPLOYMENT_TARGET = 16.1;
				MTL_ENABLE_DEBUG_INFO = NO;
				MTL_FAST_MATH = YES;
				SDKROOT = iphoneos;
				SWIFT_COMPILATION_MODE = wholemodule;
				SWIFT_OPTIMIZATION_LEVEL = "-O";
				VALIDATE_PRODUCT = YES;
			};
			name = Release;
		};
		176073712BF076740008629D /* Debug */ = {
			isa = XCBuildConfiguration;
			buildSettings = {
				ASSETCATALOG_COMPILER_APPICON_NAME = AppIcon;
				ASSETCATALOG_COMPILER_GLOBAL_ACCENT_COLOR_NAME = AccentColor;
				CODE_SIGN_STYLE = Automatic;
				CURRENT_PROJECT_VERSION = 1;
				GENERATE_INFOPLIST_FILE = YES;
				INFOPLIST_FILE = GridDynamics/Info.plist;
				INFOPLIST_KEY_UIApplicationSupportsIndirectInputEvents = YES;
				INFOPLIST_KEY_UILaunchStoryboardName = LaunchScreen;
				INFOPLIST_KEY_UIMainStoryboardFile = Main;
				INFOPLIST_KEY_UISupportedInterfaceOrientations_iPad = "UIInterfaceOrientationPortrait UIInterfaceOrientationPortraitUpsideDown UIInterfaceOrientationLandscapeLeft UIInterfaceOrientationLandscapeRight";
				INFOPLIST_KEY_UISupportedInterfaceOrientations_iPhone = "UIInterfaceOrientationPortrait UIInterfaceOrientationLandscapeLeft UIInterfaceOrientationLandscapeRight";
				LD_RUNPATH_SEARCH_PATHS = (
					"$(inherited)",
					"@executable_path/Frameworks",
				);
				MARKETING_VERSION = 1.0;
				PRODUCT_BUNDLE_IDENTIFIER = test.GridDynamics;
				PRODUCT_NAME = "$(TARGET_NAME)";
				SWIFT_EMIT_LOC_STRINGS = YES;
				SWIFT_VERSION = 5.0;
				TARGETED_DEVICE_FAMILY = "1,2";
			};
			name = Debug;
		};
		176073722BF076740008629D /* Release */ = {
			isa = XCBuildConfiguration;
			buildSettings = {
				ASSETCATALOG_COMPILER_APPICON_NAME = AppIcon;
				ASSETCATALOG_COMPILER_GLOBAL_ACCENT_COLOR_NAME = AccentColor;
				CODE_SIGN_STYLE = Automatic;
				CURRENT_PROJECT_VERSION = 1;
				GENERATE_INFOPLIST_FILE = YES;
				INFOPLIST_FILE = GridDynamics/Info.plist;
				INFOPLIST_KEY_UIApplicationSupportsIndirectInputEvents = YES;
				INFOPLIST_KEY_UILaunchStoryboardName = LaunchScreen;
				INFOPLIST_KEY_UIMainStoryboardFile = Main;
				INFOPLIST_KEY_UISupportedInterfaceOrientations_iPad = "UIInterfaceOrientationPortrait UIInterfaceOrientationPortraitUpsideDown UIInterfaceOrientationLandscapeLeft UIInterfaceOrientationLandscapeRight";
				INFOPLIST_KEY_UISupportedInterfaceOrientations_iPhone = "UIInterfaceOrientationPortrait UIInterfaceOrientationLandscapeLeft UIInterfaceOrientationLandscapeRight";
				LD_RUNPATH_SEARCH_PATHS = (
					"$(inherited)",
					"@executable_path/Frameworks",
				);
				MARKETING_VERSION = 1.0;
				PRODUCT_BUNDLE_IDENTIFIER = test.GridDynamics;
				PRODUCT_NAME = "$(TARGET_NAME)";
				SWIFT_EMIT_LOC_STRINGS = YES;
				SWIFT_VERSION = 5.0;
				TARGETED_DEVICE_FAMILY = "1,2";
			};
			name = Release;
		};
/* End XCBuildConfiguration section */

/* Begin XCConfigurationList section */
		176073572BF0766F0008629D /* Build configuration list for PBXProject "GridDynamics" */ = {
			isa = XCConfigurationList;
			buildConfigurations = (
				1760736E2BF076740008629D /* Debug */,
				1760736F2BF076740008629D /* Release */,
			);
			defaultConfigurationIsVisible = 0;
			defaultConfigurationName = Release;
		};
		176073702BF076740008629D /* Build configuration list for PBXNativeTarget "GridDynamics" */ = {
			isa = XCConfigurationList;
			buildConfigurations = (
				176073712BF076740008629D /* Debug */,
				176073722BF076740008629D /* Release */,
			);
			defaultConfigurationIsVisible = 0;
			defaultConfigurationName = Release;
		};
/* End XCConfigurationList section */
	};
	rootObject = 176073542BF0766F0008629D /* Project object */;
}
